
Microsoft Visual Studio Solution File, Format Version 12.00
# Visual Studio 14
VisualStudioVersion = 14.0.25123.0
MinimumVisualStudioVersion = 10.0.40219.1
Project("{FAE04EC0-301F-11D3-BF4B-00C04F79EFBC}") = "Famoser.YoutubeExtractor.Portable", "Famoser.YoutubeExtractor.Portable\Famoser.YoutubeExtractor.Portable.csproj", "{1BB4CF4D-3617-4A23-B51A-DA7711E6F8EB}"
EndProject
Project("{FAE04EC0-301F-11D3-BF4B-00C04F79EFBC}") = "Famoser.YoutubeExtractor.Portable.Example", "Famoser.YoutubeExtractor.Portable.Example\Famoser.YoutubeExtractor.Portable.Example.csproj", "{D71C979F-7F55-4AD3-854C-7F1FFF35B4F0}"
	ProjectSection(ProjectDependencies) = postProject
		{1BB4CF4D-3617-4A23-B51A-DA7711E6F8EB} = {1BB4CF4D-3617-4A23-B51A-DA7711E6F8EB}
	EndProjectSection
EndProject
Project("{2150E333-8FDC-42A3-9474-1A3956D46DE8}") = "Tests", "Tests", "{2F6BC530-621C-468D-9024-4D177C77248B}"
EndProject
Project("{2150E333-8FDC-42A3-9474-1A3956D46DE8}") = "Examples", "Examples", "{00FB3F5F-DBE7-4DEA-BC82-D52A1B8F8610}"
EndProject
Project("{FAE04EC0-301F-11D3-BF4B-00C04F79EFBC}") = "Famoser.YoutubeExtractor.Portable.Tests", "Famoser.YoutubeExtractor.Portable.Tests\Famoser.YoutubeExtractor.Portable.Tests.csproj", "{1D260A6E-F828-471F-A7E5-0D4AD69A539B}"
EndProject
Project("{FAE04EC0-301F-11D3-BF4B-00C04F79EFBC}") = "Famoser.ReverseEngineering.Webm", "Famoser.ReverseEngineering.Webm\Famoser.ReverseEngineering.Webm.csproj", "{5A30C3AA-B8BA-4C31-A8A0-E04F87E56CA7}"
EndProject
Global
	GlobalSection(SolutionConfigurationPlatforms) = preSolution
		Debug|Any CPU = Debug|Any CPU
		Release|Any CPU = Release|Any CPU
	EndGlobalSection
	GlobalSection(ProjectConfigurationPlatforms) = postSolution
		{1BB4CF4D-3617-4A23-B51A-DA7711E6F8EB}.Debug|Any CPU.ActiveCfg = Debug|Any CPU
		{1BB4CF4D-3617-4A23-B51A-DA7711E6F8EB}.Debug|Any CPU.Build.0 = Debug|Any CPU
		{1BB4CF4D-3617-4A23-B51A-DA7711E6F8EB}.Release|Any CPU.ActiveCfg = Release|Any CPU
		{1BB4CF4D-3617-4A23-B51A-DA7711E6F8EB}.Release|Any CPU.Build.0 = Release|Any CPU
		{D71C979F-7F55-4AD3-854C-7F1FFF35B4F0}.Debug|Any CPU.ActiveCfg = Debug|Any CPU
		{D71C979F-7F55-4AD3-854C-7F1FFF35B4F0}.Debug|Any CPU.Build.0 = Debug|Any CPU
		{D71C979F-7F55-4AD3-854C-7F1FFF35B4F0}.Release|Any CPU.ActiveCfg = Release|Any CPU
		{D71C979F-7F55-4AD3-854C-7F1FFF35B4F0}.Release|Any CPU.Build.0 = Release|Any CPU
		{1D260A6E-F828-471F-A7E5-0D4AD69A539B}.Debug|Any CPU.ActiveCfg = Debug|Any CPU
		{1D260A6E-F828-471F-A7E5-0D4AD69A539B}.Debug|Any CPU.Build.0 = Debug|Any CPU
		{1D260A6E-F828-471F-A7E5-0D4AD69A539B}.Release|Any CPU.ActiveCfg = Release|Any CPU
		{1D260A6E-F828-471F-A7E5-0D4AD69A539B}.Release|Any CPU.Build.0 = Release|Any CPU
		{5A30C3AA-B8BA-4C31-A8A0-E04F87E56CA7}.Debug|Any CPU.ActiveCfg = Debug|Any CPU
		{5A30C3AA-B8BA-4C31-A8A0-E04F87E56CA7}.Debug|Any CPU.Build.0 = Debug|Any CPU
		{5A30C3AA-B8BA-4C31-A8A0-E04F87E56CA7}.Release|Any CPU.ActiveCfg = Release|Any CPU
		{5A30C3AA-B8BA-4C31-A8A0-E04F87E56CA7}.Release|Any CPU.Build.0 = Release|Any CPU
	EndGlobalSection
	GlobalSection(SolutionProperties) = preSolution
		HideSolutionNode = FALSE
	EndGlobalSection
	GlobalSection(NestedProjects) = preSolution
		{D71C979F-7F55-4AD3-854C-7F1FFF35B4F0} = {00FB3F5F-DBE7-4DEA-BC82-D52A1B8F8610}
		{1D260A6E-F828-471F-A7E5-0D4AD69A539B} = {2F6BC530-621C-468D-9024-4D177C77248B}
		{5A30C3AA-B8BA-4C31-A8A0-E04F87E56CA7} = {2F6BC530-621C-468D-9024-4D177C77248B}
	EndGlobalSection
	GlobalSection(CodealikeProperties) = postSolution
		SolutionGuid = 09b3acc1-9c76-4060-a18f-5b5f253925cc
	EndGlobalSection
EndGlobal
